// !$*UTF8*$!
{
	archiveVersion = 1;
	classes = {
	};
	objectVersion = 46;
	objects = {

/* Begin PBXBuildFile section */
		5B59681C1D45645900F84BB3 /* GetPhotos.swift in Sources */ = {isa = PBXBuildFile; fileRef = 5B59681B1D45645900F84BB3 /* GetPhotos.swift */; };
		5B7EB83B1D237836008DCAF1 /* Photo+CoreDataProperties.swift in Sources */ = {isa = PBXBuildFile; fileRef = 5B7EB8371D237836008DCAF1 /* Photo+CoreDataProperties.swift */; };
		5B7EB83C1D237836008DCAF1 /* Photo.swift in Sources */ = {isa = PBXBuildFile; fileRef = 5B7EB8381D237836008DCAF1 /* Photo.swift */; };
		5B7EB83D1D237836008DCAF1 /* Pin+CoreDataProperties.swift in Sources */ = {isa = PBXBuildFile; fileRef = 5B7EB8391D237836008DCAF1 /* Pin+CoreDataProperties.swift */; };
		5B7EB83E1D237836008DCAF1 /* Pin.swift in Sources */ = {isa = PBXBuildFile; fileRef = 5B7EB83A1D237836008DCAF1 /* Pin.swift */; };
		5B7EB8401D29A302008DCAF1 /* CoreDataController.swift in Sources */ = {isa = PBXBuildFile; fileRef = 5B7EB83F1D29A302008DCAF1 /* CoreDataController.swift */; };
		5B7EB8421D2A0414008DCAF1 /* PhotoCollectionViewCell.swift in Sources */ = {isa = PBXBuildFile; fileRef = 5B7EB8411D2A0414008DCAF1 /* PhotoCollectionViewCell.swift */; };
		5BD9A7731D13A9B700D3BDCE /* AppDelegate.swift in Sources */ = {isa = PBXBuildFile; fileRef = 5BD9A7721D13A9B700D3BDCE /* AppDelegate.swift */; };
		5BD9A7751D13A9B700D3BDCE /* ViewController.swift in Sources */ = {isa = PBXBuildFile; fileRef = 5BD9A7741D13A9B700D3BDCE /* ViewController.swift */; };
		5BD9A7781D13A9B700D3BDCE /* Main.storyboard in Resources */ = {isa = PBXBuildFile; fileRef = 5BD9A7761D13A9B700D3BDCE /* Main.storyboard */; };
		5BD9A77A1D13A9B700D3BDCE /* Assets.xcassets in Resources */ = {isa = PBXBuildFile; fileRef = 5BD9A7791D13A9B700D3BDCE /* Assets.xcassets */; };
		5BD9A77D1D13A9B700D3BDCE /* LaunchScreen.storyboard in Resources */ = {isa = PBXBuildFile; fileRef = 5BD9A77B1D13A9B700D3BDCE /* LaunchScreen.storyboard */; };
		5BD9A7861D13AE1000D3BDCE /* Model.xcdatamodeld in Sources */ = {isa = PBXBuildFile; fileRef = 5BD9A7841D13AE1000D3BDCE /* Model.xcdatamodeld */; };
		5BD9A7951D15C3FB00D3BDCE /* CoreDataStack.swift in Sources */ = {isa = PBXBuildFile; fileRef = 5BD9A7941D15C3FB00D3BDCE /* CoreDataStack.swift */; };
		5BD9A7971D16149800D3BDCE /* PhotoAlbumViewController.swift in Sources */ = {isa = PBXBuildFile; fileRef = 5BD9A7961D16149800D3BDCE /* PhotoAlbumViewController.swift */; };
		5BD9A7A21D1A322800D3BDCE /* FlickrPhotos.swift in Sources */ = {isa = PBXBuildFile; fileRef = 5BD9A7A11D1A322800D3BDCE /* FlickrPhotos.swift */; };
/* End PBXBuildFile section */

/* Begin PBXFileReference section */
		5B59681B1D45645900F84BB3 /* GetPhotos.swift */ = {isa = PBXFileReference; fileEncoding = 4; lastKnownFileType = sourcecode.swift; path = GetPhotos.swift; sourceTree = "<group>"; };
		5B7EB8361D237704008DCAF1 /* Model 2.xcdatamodel */ = {isa = PBXFileReference; lastKnownFileType = wrapper.xcdatamodel; path = "Model 2.xcdatamodel"; sourceTree = "<group>"; };
		5B7EB8371D237836008DCAF1 /* Photo+CoreDataProperties.swift */ = {isa = PBXFileReference; fileEncoding = 4; lastKnownFileType = sourcecode.swift; path = "Photo+CoreDataProperties.swift"; sourceTree = "<group>"; };
		5B7EB8381D237836008DCAF1 /* Photo.swift */ = {isa = PBXFileReference; fileEncoding = 4; lastKnownFileType = sourcecode.swift; path = Photo.swift; sourceTree = "<group>"; };
		5B7EB8391D237836008DCAF1 /* Pin+CoreDataProperties.swift */ = {isa = PBXFileReference; fileEncoding = 4; lastKnownFileType = sourcecode.swift; path = "Pin+CoreDataProperties.swift"; sourceTree = "<group>"; };
		5B7EB83A1D237836008DCAF1 /* Pin.swift */ = {isa = PBXFileReference; fileEncoding = 4; lastKnownFileType = sourcecode.swift; path = Pin.swift; sourceTree = "<group>"; };
		5B7EB83F1D29A302008DCAF1 /* CoreDataController.swift */ = {isa = PBXFileReference; fileEncoding = 4; lastKnownFileType = sourcecode.swift; path = CoreDataController.swift; sourceTree = "<group>"; };
		5B7EB8411D2A0414008DCAF1 /* PhotoCollectionViewCell.swift */ = {isa = PBXFileReference; fileEncoding = 4; lastKnownFileType = sourcecode.swift; path = PhotoCollectionViewCell.swift; sourceTree = "<group>"; };
		5B967ACD1D3F11A200101B72 /* Model 3.xcdatamodel */ = {isa = PBXFileReference; lastKnownFileType = wrapper.xcdatamodel; path = "Model 3.xcdatamodel"; sourceTree = "<group>"; };
		5BD9A76F1D13A9B700D3BDCE /* VirtualTourist.app */ = {isa = PBXFileReference; explicitFileType = wrapper.application; includeInIndex = 0; path = VirtualTourist.app; sourceTree = BUILT_PRODUCTS_DIR; };
		5BD9A7721D13A9B700D3BDCE /* AppDelegate.swift */ = {isa = PBXFileReference; lastKnownFileType = sourcecode.swift; path = AppDelegate.swift; sourceTree = "<group>"; };
		5BD9A7741D13A9B700D3BDCE /* ViewController.swift */ = {isa = PBXFileReference; lastKnownFileType = sourcecode.swift; path = ViewController.swift; sourceTree = "<group>"; };
		5BD9A7771D13A9B700D3BDCE /* Base */ = {isa = PBXFileReference; lastKnownFileType = file.storyboard; name = Base; path = Base.lproj/Main.storyboard; sourceTree = "<group>"; };
		5BD9A7791D13A9B700D3BDCE /* Assets.xcassets */ = {isa = PBXFileReference; lastKnownFileType = folder.assetcatalog; path = Assets.xcassets; sourceTree = "<group>"; };
		5BD9A77C1D13A9B700D3BDCE /* Base */ = {isa = PBXFileReference; lastKnownFileType = file.storyboard; name = Base; path = Base.lproj/LaunchScreen.storyboard; sourceTree = "<group>"; };
		5BD9A77E1D13A9B700D3BDCE /* Info.plist */ = {isa = PBXFileReference; lastKnownFileType = text.plist.xml; path = Info.plist; sourceTree = "<group>"; };
		5BD9A7851D13AE1000D3BDCE /* Model.xcdatamodel */ = {isa = PBXFileReference; lastKnownFileType = wrapper.xcdatamodel; path = Model.xcdatamodel; sourceTree = "<group>"; };
		5BD9A7941D15C3FB00D3BDCE /* CoreDataStack.swift */ = {isa = PBXFileReference; fileEncoding = 4; lastKnownFileType = sourcecode.swift; path = CoreDataStack.swift; sourceTree = "<group>"; };
		5BD9A7961D16149800D3BDCE /* PhotoAlbumViewController.swift */ = {isa = PBXFileReference; fileEncoding = 4; lastKnownFileType = sourcecode.swift; path = PhotoAlbumViewController.swift; sourceTree = "<group>"; };
		5BD9A7A11D1A322800D3BDCE /* FlickrPhotos.swift */ = {isa = PBXFileReference; fileEncoding = 4; lastKnownFileType = sourcecode.swift; path = FlickrPhotos.swift; sourceTree = "<group>"; };
/* End PBXFileReference section */

/* Begin PBXFrameworksBuildPhase section */
		5BD9A76C1D13A9B700D3BDCE /* Frameworks */ = {
			isa = PBXFrameworksBuildPhase;
			buildActionMask = 2147483647;
			files = (
			);
			runOnlyForDeploymentPostprocessing = 0;
		};
/* End PBXFrameworksBuildPhase section */

/* Begin PBXGroup section */
		5BD9A7661D13A9B700D3BDCE = {
			isa = PBXGroup;
			children = (
				5BD9A7711D13A9B700D3BDCE /* VirtualTourist */,
				5BD9A7701D13A9B700D3BDCE /* Products */,
			);
			sourceTree = "<group>";
		};
		5BD9A7701D13A9B700D3BDCE /* Products */ = {
			isa = PBXGroup;
			children = (
				5BD9A76F1D13A9B700D3BDCE /* VirtualTourist.app */,
			);
			name = Products;
			sourceTree = "<group>";
		};
		5BD9A7711D13A9B700D3BDCE /* VirtualTourist */ = {
			isa = PBXGroup;
			children = (
				5BD9A7981D1614A100D3BDCE /* Controllers */,
				5BD9A7931D15C39800D3BDCE /* Model */,
				5BD9A7721D13A9B700D3BDCE /* AppDelegate.swift */,
				5BD9A7761D13A9B700D3BDCE /* Main.storyboard */,
				5BD9A7791D13A9B700D3BDCE /* Assets.xcassets */,
				5BD9A77B1D13A9B700D3BDCE /* LaunchScreen.storyboard */,
				5BD9A77E1D13A9B700D3BDCE /* Info.plist */,
				5BD9A7A11D1A322800D3BDCE /* FlickrPhotos.swift */,
				5B7EB8411D2A0414008DCAF1 /* PhotoCollectionViewCell.swift */,
				5B59681B1D45645900F84BB3 /* GetPhotos.swift */,
			);
			path = VirtualTourist;
			sourceTree = "<group>";
		};
		5BD9A7931D15C39800D3BDCE /* Model */ = {
			isa = PBXGroup;
			children = (
				5BD9A7941D15C3FB00D3BDCE /* CoreDataStack.swift */,
				5BD9A7841D13AE1000D3BDCE /* Model.xcdatamodeld */,
				5B7EB8371D237836008DCAF1 /* Photo+CoreDataProperties.swift */,
				5B7EB8381D237836008DCAF1 /* Photo.swift */,
				5B7EB8391D237836008DCAF1 /* Pin+CoreDataProperties.swift */,
				5B7EB83A1D237836008DCAF1 /* Pin.swift */,
			);
			name = Model;
			sourceTree = "<group>";
		};
		5BD9A7981D1614A100D3BDCE /* Controllers */ = {
			isa = PBXGroup;
			children = (
				5BD9A7961D16149800D3BDCE /* PhotoAlbumViewController.swift */,
				5BD9A7741D13A9B700D3BDCE /* ViewController.swift */,
				5B7EB83F1D29A302008DCAF1 /* CoreDataController.swift */,
			);
			name = Controllers;
			sourceTree = "<group>";
		};
/* End PBXGroup section */

/* Begin PBXNativeTarget section */
		5BD9A76E1D13A9B700D3BDCE /* VirtualTourist */ = {
			isa = PBXNativeTarget;
			buildConfigurationList = 5BD9A7811D13A9B700D3BDCE /* Build configuration list for PBXNativeTarget "VirtualTourist" */;
			buildPhases = (
				5BD9A76B1D13A9B700D3BDCE /* Sources */,
				5BD9A76C1D13A9B700D3BDCE /* Frameworks */,
				5BD9A76D1D13A9B700D3BDCE /* Resources */,
			);
			buildRules = (
			);
			dependencies = (
			);
			name = VirtualTourist;
			productName = VirtualTourist;
			productReference = 5BD9A76F1D13A9B700D3BDCE /* VirtualTourist.app */;
			productType = "com.apple.product-type.application";
		};
/* End PBXNativeTarget section */

/* Begin PBXProject section */
		5BD9A7671D13A9B700D3BDCE /* Project object */ = {
			isa = PBXProject;
			attributes = {
				LastSwiftUpdateCheck = 0730;
				LastUpgradeCheck = 0730;
				ORGANIZATIONNAME = Student;
				TargetAttributes = {
					5BD9A76E1D13A9B700D3BDCE = {
						CreatedOnToolsVersion = 7.3.1;
					};
				};
			};
			buildConfigurationList = 5BD9A76A1D13A9B700D3BDCE /* Build configuration list for PBXProject "VirtualTourist" */;
			compatibilityVersion = "Xcode 3.2";
			developmentRegion = English;
			hasScannedForEncodings = 0;
			knownRegions = (
				en,
				Base,
			);
			mainGroup = 5BD9A7661D13A9B700D3BDCE;
			productRefGroup = 5BD9A7701D13A9B700D3BDCE /* Products */;
			projectDirPath = "";
			projectRoot = "";
			targets = (
				5BD9A76E1D13A9B700D3BDCE /* VirtualTourist */,
			);
		};
/* End PBXProject section */

/* Begin PBXResourcesBuildPhase section */
		5BD9A76D1D13A9B700D3BDCE /* Resources */ = {
			isa = PBXResourcesBuildPhase;
			buildActionMask = 2147483647;
			files = (
				5BD9A77D1D13A9B700D3BDCE /* LaunchScreen.storyboard in Resources */,
				5BD9A77A1D13A9B700D3BDCE /* Assets.xcassets in Resources */,
				5BD9A7781D13A9B700D3BDCE /* Main.storyboard in Resources */,
			);
			runOnlyForDeploymentPostprocessing = 0;
		};
/* End PBXResourcesBuildPhase section */

/* Begin PBXSourcesBuildPhase section */
		5BD9A76B1D13A9B700D3BDCE /* Sources */ = {
			isa = PBXSourcesBuildPhase;
			buildActionMask = 2147483647;
			files = (
				5B7EB83C1D237836008DCAF1 /* Photo.swift in Sources */,
				5BD9A7751D13A9B700D3BDCE /* ViewController.swift in Sources */,
				5BD9A7971D16149800D3BDCE /* PhotoAlbumViewController.swift in Sources */,
				5BD9A7731D13A9B700D3BDCE /* AppDelegate.swift in Sources */,
				5B7EB83E1D237836008DCAF1 /* Pin.swift in Sources */,
				5B7EB8421D2A0414008DCAF1 /* PhotoCollectionViewCell.swift in Sources */,
				5BD9A7A21D1A322800D3BDCE /* FlickrPhotos.swift in Sources */,
				5B7EB8401D29A302008DCAF1 /* CoreDataController.swift in Sources */,
				5B7EB83B1D237836008DCAF1 /* Photo+CoreDataProperties.swift in Sources */,
				5B7EB83D1D237836008DCAF1 /* Pin+CoreDataProperties.swift in Sources */,
				5BD9A7861D13AE1000D3BDCE /* Model.xcdatamodeld in Sources */,
				5BD9A7951D15C3FB00D3BDCE /* CoreDataStack.swift in Sources */,
				5B59681C1D45645900F84BB3 /* GetPhotos.swift in Sources */,
			);
			runOnlyForDeploymentPostprocessing = 0;
		};
/* End PBXSourcesBuildPhase section */

/* Begin PBXVariantGroup section */
		5BD9A7761D13A9B700D3BDCE /* Main.storyboard */ = {
			isa = PBXVariantGroup;
			children = (
				5BD9A7771D13A9B700D3BDCE /* Base */,
			);
			name = Main.storyboard;
			sourceTree = "<group>";
		};
		5BD9A77B1D13A9B700D3BDCE /* LaunchScreen.storyboard */ = {
			isa = PBXVariantGroup;
			children = (
				5BD9A77C1D13A9B700D3BDCE /* Base */,
			);
			name = LaunchScreen.storyboard;
			sourceTree = "<group>";
		};
/* End PBXVariantGroup section */

/* Begin XCBuildConfiguration section */
		5BD9A77F1D13A9B700D3BDCE /* Debug */ = {
			isa = XCBuildConfiguration;
			buildSettings = {
				ALWAYS_SEARCH_USER_PATHS = NO;
				CLANG_ANALYZER_NONNULL = YES;
				CLANG_CXX_LANGUAGE_STANDARD = "gnu++0x";
				CLANG_CXX_LIBRARY = "libc++";
				CLANG_ENABLE_MODULES = YES;
				CLANG_ENABLE_OBJC_ARC = YES;
				CLANG_WARN_BOOL_CONVERSION = YES;
				CLANG_WARN_CONSTANT_CONVERSION = YES;
				CLANG_WARN_DIRECT_OBJC_ISA_USAGE = YES_ERROR;
				CLANG_WARN_EMPTY_BODY = YES;
				CLANG_WARN_ENUM_CONVERSION = YES;
				CLANG_WARN_INT_CONVERSION = YES;
				CLANG_WARN_OBJC_ROOT_CLASS = YES_ERROR;
				CLANG_WARN_UNREACHABLE_CODE = YES;
				CLANG_WARN__DUPLICATE_METHOD_MATCH = YES;
				"CODE_SIGN_IDENTITY[sdk=iphoneos*]" = "iPhone Developer";
				COPY_PHASE_STRIP = NO;
				DEBUG_INFORMATION_FORMAT = dwarf;
				ENABLE_STRICT_OBJC_MSGSEND = YES;
				ENABLE_TESTABILITY = YES;
				GCC_C_LANGUAGE_STANDARD = gnu99;
				GCC_DYNAMIC_NO_PIC = NO;
				GCC_NO_COMMON_BLOCKS = YES;
				GCC_OPTIMIZATION_LEVEL = 0;
				GCC_PREPROCESSOR_DEFINITIONS = (
					"DEBUG=1",
					"$(inherited)",
				);
				GCC_WARN_64_TO_32_BIT_CONVERSION = YES;
				GCC_WARN_ABOUT_RETURN_TYPE = YES_ERROR;
				GCC_WARN_UNDECLARED_SELECTOR = YES;
				GCC_WARN_UNINITIALIZED_AUTOS = YES_AGGRESSIVE;
				GCC_WARN_UNUSED_FUNCTION = YES;
				GCC_WARN_UNUSED_VARIABLE = YES;
				IPHONEOS_DEPLOYMENT_TARGET = 9.3;
				MTL_ENABLE_DEBUG_INFO = YES;
				ONLY_ACTIVE_ARCH = YES;
				SDKROOT = iphoneos;
				SWIFT_OPTIMIZATION_LEVEL = "-Onone";
			};
			name = Debug;
		};
		5BD9A7801D13A9B700D3BDCE /* Release */ = {
			isa = XCBuildConfiguration;
			buildSettings = {
				ALWAYS_SEARCH_USER_PATHS = NO;
				CLANG_ANALYZER_NONNULL = YES;
				CLANG_CXX_LANGUAGE_STANDARD = "gnu++0x";
				CLANG_CXX_LIBRARY = "libc++";
				CLANG_ENABLE_MODULES = YES;
				CLANG_ENABLE_OBJC_ARC = YES;
				CLANG_WARN_BOOL_CONVERSION = YES;
				CLANG_WARN_CONSTANT_CONVERSION = YES;
				CLANG_WARN_DIRECT_OBJC_ISA_USAGE = YES_ERROR;
				CLANG_WARN_EMPTY_BODY = YES;
				CLANG_WARN_ENUM_CONVERSION = YES;
				CLANG_WARN_INT_CONVERSION = YES;
				CLANG_WARN_OBJC_ROOT_CLASS = YES_ERROR;
				CLANG_WARN_UNREACHABLE_CODE = YES;
				CLANG_WARN__DUPLICATE_METHOD_MATCH = YES;
				"CODE_SIGN_IDENTITY[sdk=iphoneos*]" = "iPhone Developer";
				COPY_PHASE_STRIP = NO;
				DEBUG_INFORMATION_FORMAT = "dwarf-with-dsym";
				ENABLE_NS_ASSERTIONS = NO;
				ENABLE_STRICT_OBJC_MSGSEND = YES;
				GCC_C_LANGUAGE_STANDARD = gnu99;
				GCC_NO_COMMON_BLOCKS = YES;
				GCC_WARN_64_TO_32_BIT_CONVERSION = YES;
				GCC_WARN_ABOUT_RETURN_TYPE = YES_ERROR;
				GCC_WARN_UNDECLARED_SELECTOR = YES;
				GCC_WARN_UNINITIALIZED_AUTOS = YES_AGGRESSIVE;
				GCC_WARN_UNUSED_FUNCTION = YES;
				GCC_WARN_UNUSED_VARIABLE = YES;
				IPHONEOS_DEPLOYMENT_TARGET = 9.3;
				MTL_ENABLE_DEBUG_INFO = NO;
				SDKROOT = iphoneos;
				VALIDATE_PRODUCT = YES;
			};
			name = Release;
		};
		5BD9A7821D13A9B700D3BDCE /* Debug */ = {
			isa = XCBuildConfiguration;
			buildSettings = {
				ASSETCATALOG_COMPILER_APPICON_NAME = AppIcon;
				CLANG_ENABLE_MODULES = YES;
				INFOPLIST_FILE = VirtualTourist/Info.plist;
				LD_RUNPATH_SEARCH_PATHS = "$(inherited) @executable_path/Frameworks";
				PRODUCT_BUNDLE_IDENTIFIER = com.student.VirtualTourist;
				PRODUCT_NAME = "$(TARGET_NAME)";
				SWIFT_OPTIMIZATION_LEVEL = "-Onone";
			};
			name = Debug;
		};
		5BD9A7831D13A9B700D3BDCE /* Release */ = {
			isa = XCBuildConfiguration;
			buildSettings = {
				ASSETCATALOG_COMPILER_APPICON_NAME = AppIcon;
				CLANG_ENABLE_MODULES = YES;
				INFOPLIST_FILE = VirtualTourist/Info.plist;
				LD_RUNPATH_SEARCH_PATHS = "$(inherited) @executable_path/Frameworks";
				PRODUCT_BUNDLE_IDENTIFIER = com.student.VirtualTourist;
				PRODUCT_NAME = "$(TARGET_NAME)";
			};
			name = Release;
		};
/* End XCBuildConfiguration section */

/* Begin XCConfigurationList section */
		5BD9A76A1D13A9B700D3BDCE /* Build configuration list for PBXProject "VirtualTourist" */ = {
			isa = XCConfigurationList;
			buildConfigurations = (
				5BD9A77F1D13A9B700D3BDCE /* Debug */,
				5BD9A7801D13A9B700D3BDCE /* Release */,
			);
			defaultConfigurationIsVisible = 0;
			defaultConfigurationName = Release;
		};
		5BD9A7811D13A9B700D3BDCE /* Build configuration list for PBXNativeTarget "VirtualTourist" */ = {
			isa = XCConfigurationList;
			buildConfigurations = (
				5BD9A7821D13A9B700D3BDCE /* Debug */,
				5BD9A7831D13A9B700D3BDCE /* Release */,
			);
			defaultConfigurationIsVisible = 0;
			defaultConfigurationName = Release;
		};
/* End XCConfigurationList section */

/* Begin XCVersionGroup section */
		5BD9A7841D13AE1000D3BDCE /* Model.xcdatamodeld */ = {
			isa = XCVersionGroup;
			children = (
				5B967ACD1D3F11A200101B72 /* Model 3.xcdatamodel */,
				5B7EB8361D237704008DCAF1 /* Model 2.xcdatamodel */,
				5BD9A7851D13AE1000D3BDCE /* Model.xcdatamodel */,
			);
			currentVersion = 5B967ACD1D3F11A200101B72 /* Model 3.xcdatamodel */;
			path = Model.xcdatamodeld;
			sourceTree = "<group>";
			versionGroupType = wrapper.xcdatamodel;
		};
/* End XCVersionGroup section */
	};
	rootObject = 5BD9A7671D13A9B700D3BDCE /* Project object */;
}
